# This file is generated by running "yarn install" inside your project.
# Manual changes might be lost - proceed with caution!

__metadata:
  version: 10
  cacheKey: 10c0

"@esbuild/aix-ppc64@npm:0.28.1":
  version: 0.28.1
  resolution: "@esbuild/aix-ppc64@npm:0.28.1"
  conditions: os=aix & cpu=ppc64
  languageName: node
  linkType: hard

"@esbuild/android-arm64@npm:0.28.1":
  version: 0.28.1
  resolution: "@esbuild/android-arm64@npm:0.28.1"
  conditions: os=android & cpu=arm64
  languageName: node
  linkType: hard

"@esbuild/android-arm@npm:0.28.1":
  version: 0.28.1
  resolution: "@esbuild/android-arm@npm:0.28.1"
  conditions: os=android & cpu=arm
  languageName: node
  linkType: hard

"@esbuild/android-x64@npm:0.28.1":
  version: 0.28.1
  resolution: "@esbuild/android-x64@npm:0.28.1"
  conditions: os=android & cpu=x64
  languageName: node
  linkType: hard

"@esbuild/darwin-arm64@npm:0.28.1":
  version: 0.28.1
  resolution: "@esbuild/darwin-arm64@npm:0.28.1"
  conditions: os=darwin & cpu=arm64
  languageName: node
  linkType: hard

"@esbuild/darwin-x64@npm:0.28.1":
  version: 0.28.1
  resolution: "@esbuild/darwin-x64@npm:0.28.1"
  conditions: os=darwin & cpu=x64
  languageName: node
  linkType: hard

"@esbuild/freebsd-arm64@npm:0.28.1":
  version: 0.28.1
  resolution: "@esbuild/freebsd-arm64@npm:0.28.1"
  conditions: os=freebsd & cpu=arm64
  languageName: node
  linkType: hard

"@esbuild/freebsd-x64@npm:0.28.1":
  version: 0.28.1
  resolution: "@esbuild/freebsd-x64@npm:0.28.1"
  conditions: os=freebsd & cpu=x64
  languageName: node
  linkType: hard

"@esbuild/linux-arm64@npm:0.28.1":
  version: 0.28.1
  resolution: "@esbuild/linux-arm64@npm:0.28.1"
  conditions: os=linux & cpu=arm64
  languageName: node
  linkType: hard

"@esbuild/linux-arm@npm:0.28.1":
  version: 0.28.1
  resolution: "@esbuild/linux-arm@npm:0.28.1"
  conditions: os=linux & cpu=arm
  languageName: node
  linkType: hard

"@esbuild/linux-ia32@npm:0.28.1":
  version: 0.28.1
  resolution: "@esbuild/linux-ia32@npm:0.28.1"
  conditions: os=linux & cpu=ia32
  languageName: node
  linkType: hard

"@esbuild/linux-loong64@npm:0.28.1":
  version: 0.28.1
  resolution: "@esbuild/linux-loong64@npm:0.28.1"
  conditions: os=linux & cpu=loong64
  languageName: node
  linkType: hard

"@esbuild/linux-mips64el@npm:0.28.1":
  version: 0.28.1
  resolution: "@esbuild/linux-mips64el@npm:0.28.1"
  conditions: os=linux & cpu=mips64el
  languageName: node
  linkType: hard

"@esbuild/linux-ppc64@npm:0.28.1":
  version: 0.28.1
  resolution: "@esbuild/linux-ppc64@npm:0.28.1"
  conditions: os=linux & cpu=ppc64
  languageName: node
  linkType: hard

"@esbuild/linux-riscv64@npm:0.28.1":
  version: 0.28.1
  resolution: "@esbuild/linux-riscv64@npm:0.28.1"
  conditions: os=linux & cpu=riscv64
  languageName: node
  linkType: hard

"@esbuild/linux-s390x@npm:0.28.1":
  version: 0.28.1
  resolution: "@esbuild/linux-s390x@npm:0.28.1"
  conditions: os=linux & cpu=s390x
  languageName: node
  linkType: hard

"@esbuild/linux-x64@npm:0.28.1":
  version: 0.28.1
  resolution: "@esbuild/linux-x64@npm:0.28.1"
  conditions: os=linux & cpu=x64
  languageName: node
  linkType: hard

"@esbuild/netbsd-arm64@npm:0.28.1":
  version: 0.28.1
  resolution: "@esbuild/netbsd-arm64@npm:0.28.1"
  conditions: os=netbsd & cpu=arm64
  languageName: node
  linkType: hard

"@esbuild/netbsd-x64@npm:0.28.1":
  version: 0.28.1
  resolution: "@esbuild/netbsd-x64@npm:0.28.1"
  conditions: os=netbsd & cpu=x64
  languageName: node
  linkType: hard

"@esbuild/openbsd-arm64@npm:0.28.1":
  version: 0.28.1
  resolution: "@esbuild/openbsd-arm64@npm:0.28.1"
  conditions: os=openbsd & cpu=arm64
  languageName: node
  linkType: hard

"@esbuild/openbsd-x64@npm:0.28.1":
  version: 0.28.1
  resolution: "@esbuild/openbsd-x64@npm:0.28.1"
  conditions: os=openbsd & cpu=x64
  languageName: node
  linkType: hard

"@esbuild/openharmony-arm64@npm:0.28.1":
  version: 0.28.1
  resolution: "@esbuild/openharmony-arm64@npm:0.28.1"
  conditions: os=openharmony & cpu=arm64
  languageName: node
  linkType: hard

"@esbuild/sunos-x64@npm:0.28.1":
  version: 0.28.1
  resolution: "@esbuild/sunos-x64@npm:0.28.1"
  conditions: os=sunos & cpu=x64
  languageName: node
  linkType: hard

"@esbuild/win32-arm64@npm:0.28.1":
  version: 0.28.1
  resolution: "@esbuild/win32-arm64@npm:0.28.1"
  conditions: os=win32 & cpu=arm64
  languageName: node
  linkType: hard

"@esbuild/win32-ia32@npm:0.28.1":
  version: 0.28.1
  resolution: "@esbuild/win32-ia32@npm:0.28.1"
  conditions: os=win32 & cpu=ia32
  languageName: node
  linkType: hard

"@esbuild/win32-x64@npm:0.28.1":
  version: 0.28.1
  resolution: "@esbuild/win32-x64@npm:0.28.1"
  conditions: os=win32 & cpu=x64
  languageName: node
  linkType: hard

"@herb-tools/config@npm:0.10.2":
  version: 0.10.2
  resolution: "@herb-tools/config@npm:0.10.2"
  dependencies:
    "@herb-tools/core": "npm:0.10.2"
    picomatch: "npm:^4.0.5"
    tinyglobby: "npm:^0.2.16"
    yaml: "npm:^2.9.0"
  checksum: 10c0/55b24099c2bdcedffa84da1d7c67e0c2cec452e46ac77fd32a2e75ce84b0ee2476229ba35e65ceb64ac462f40de49501eda6e41076bf97682427a846d16b1382
  languageName: node
  linkType: hard

"@herb-tools/config@npm:0.10.3":
  version: 0.10.3
  resolution: "@herb-tools/config@npm:0.10.3"
  dependencies:
    "@herb-tools/core": "npm:0.10.3"
    picomatch: "npm:^4.0.5"
    tinyglobby: "npm:^0.2.16"
    yaml: "npm:^2.9.0"
  checksum: 10c0/d6ef80295e2cfcc98c7bf50339614b0a0fd1b847cc6d617466318240b090b6cb53f98c9041863dd4d71db905dce9214a1bf1b496c13f4c116d96fbc7d3cd3bce
  languageName: node
  linkType: hard

"@herb-tools/core@npm:0.10.2":
  version: 0.10.2
  resolution: "@herb-tools/core@npm:0.10.2"
  checksum: 10c0/f3dc31778f28c14900d1f29dc43fc4456e335e94097addf23b94d40401cc50dd30a3d0f0213f1dee19bffab3944521a9ad6a6b3eb46c6f616ca3154668f4f7ca
  languageName: node
  linkType: hard

"@herb-tools/core@npm:0.10.3":
  version: 0.10.3
  resolution: "@herb-tools/core@npm:0.10.3"
  dependencies:
    "@ruby/prism": "npm:^1.9.0"
  checksum: 10c0/b132842cc97027120dfe24aada318aedbf2e7c1a4e86113aa0e7eea0d5ad357cda12eb3a8ea1c48b43cfec476c7c7858eb1924db0b2eef2fb912897d134adcdf
  languageName: node
  linkType: hard

"@herb-tools/formatter@npm:^0.10.3":
  version: 0.10.3
  resolution: "@herb-tools/formatter@npm:0.10.3"
  dependencies:
    "@herb-tools/config": "npm:0.10.3"
    "@herb-tools/core": "npm:0.10.3"
    "@herb-tools/printer": "npm:0.10.3"
    "@herb-tools/rewriter": "npm:0.10.3"
    "@ruby/prism": "npm:^1.9.0"
    tinyglobby: "npm:^0.2.15"
  bin:
    herb-format: bin/herb-format
  checksum: 10c0/aee605c9d46924722f862b61ccb34505b2c785cb42d7f979ea5afca8fb73554b20d3bd5694f2ecef94c7308d406e7648261bdb09feafd15d216d07aa107bd2d1
  languageName: node
  linkType: hard

"@herb-tools/highlighter@npm:0.10.2":
  version: 0.10.2
  resolution: "@herb-tools/highlighter@npm:0.10.2"
  dependencies:
    "@herb-tools/core": "npm:0.10.2"
    "@herb-tools/node-wasm": "npm:0.10.2"
  bin:
    herb-highlight: bin/herb-highlight
  checksum: 10c0/0e42df4564a56dcd663569b9084d2268321664424f452abaacbb553900911be260f8c851bb02f23ce3ddcb7e1a40f1783bf555ff50a934234fb8d925c479ead8
  languageName: node
  linkType: hard

"@herb-tools/linter@npm:^0.10.2":
  version: 0.10.2
  resolution: "@herb-tools/linter@npm:0.10.2"
  dependencies:
    "@herb-tools/config": "npm:0.10.2"
    "@herb-tools/core": "npm:0.10.2"
    "@herb-tools/highlighter": "npm:0.10.2"
    "@herb-tools/node-wasm": "npm:0.10.2"
    "@herb-tools/printer": "npm:0.10.2"
    "@herb-tools/rewriter": "npm:0.10.2"
    picomatch: "npm:^4.0.5"
    tinyglobby: "npm:^0.2.15"
  bin:
    herb-lint: bin/herb-lint
  checksum: 10c0/3ac5e697866829065c118f1048b91453b8565697b4f82a23e91f44d72ca0422eef0a71dfad0b8d997a5a7a7a452b133127d7507fe834831c50d8c3bd8673aa28
  languageName: node
  linkType: hard

"@herb-tools/node-wasm@npm:0.10.2":
  version: 0.10.2
  resolution: "@herb-tools/node-wasm@npm:0.10.2"
  dependencies:
    "@herb-tools/core": "npm:0.10.2"
  checksum: 10c0/2ce47a58589a835b8111d58fa9ef0e74a768150cb1583cae4073ca292bd0ad3b0d81a4dbfe8f75e4782641e403c2f1cf3522e11cf3466e6ca9351fbdee04e8f1
  languageName: node
  linkType: hard

"@herb-tools/printer@npm:0.10.2":
  version: 0.10.2
  resolution: "@herb-tools/printer@npm:0.10.2"
  dependencies:
    "@herb-tools/core": "npm:0.10.2"
    tinyglobby: "npm:^0.2.15"
  bin:
    herb-print: bin/herb-print
  checksum: 10c0/215d5a1665a1a45e80de48f9762b950e692f2cb1cc3982e73fe3862a32ff427615f964a5861ede70882fa288f97869cea895b2edaa492ad75941875d00f0a0d3
  languageName: node
  linkType: hard

"@herb-tools/printer@npm:0.10.3":
  version: 0.10.3
  resolution: "@herb-tools/printer@npm:0.10.3"
  dependencies:
    "@herb-tools/core": "npm:0.10.3"
    tinyglobby: "npm:^0.2.15"
  bin:
    herb-print: bin/herb-print
  checksum: 10c0/d4f9986ce9409de61dc3259ac38b6d6238cbdbf618a9ad531f8e2cb0964b5a42163a718b7fb4bebcefcc6fb6c886727e6153722cf1ffc18e7621d0b7e1293a0c
  languageName: node
  linkType: hard

"@herb-tools/rewriter@npm:0.10.2":
  version: 0.10.2
  resolution: "@herb-tools/rewriter@npm:0.10.2"
  dependencies:
    "@herb-tools/core": "npm:0.10.2"
    "@herb-tools/tailwind-class-sorter": "npm:0.10.2"
    tinyglobby: "npm:^0.2.15"
  checksum: 10c0/646b6629bbdd6ec2f81274ce85dda0026d9d2d26c096ae0e81f1f7dcfe260f0c02b19d855094d3edec6a6b2066cc8335b79fbc3025805056b6572658f787bf0c
  languageName: node
  linkType: hard

"@herb-tools/rewriter@npm:0.10.3":
  version: 0.10.3
  resolution: "@herb-tools/rewriter@npm:0.10.3"
  dependencies:
    "@herb-tools/core": "npm:0.10.3"
    "@herb-tools/tailwind-class-sorter": "npm:0.10.3"
    "@ruby/prism": "npm:^1.9.0"
    tinyglobby: "npm:^0.2.15"
  checksum: 10c0/b4e19aae680fcc4c2c76a5d21ab89c466b5cb3f8910ed0447376a8639dc65f0eb57dcc8dbf9ca890dccb8c178151c319b767f63e2bf574bf4735538b17e03487
  languageName: node
  linkType: hard

"@herb-tools/tailwind-class-sorter@npm:0.10.2":
  version: 0.10.2
  resolution: "@herb-tools/tailwind-class-sorter@npm:0.10.2"
  dependencies:
    clear-module: "npm:^4.1.3"
    escalade: "npm:^3.2.0"
    jiti: "npm:^2.7.0"
    postcss: "npm:^8.5.10"
    postcss-import: "npm:^16.1.1"
  peerDependencies:
    tailwindcss: ^3.0 || ^4.0
  checksum: 10c0/29cf3c77e220be08083c4879b6d124090b9428d0becfb53544b71b54d0fcd28b66ef30c364a7f060797f5c8f4985c2060b2e00677028f0c6e6d342032f138b77
  languageName: node
  linkType: hard

"@herb-tools/tailwind-class-sorter@npm:0.10.3":
  version: 0.10.3
  resolution: "@herb-tools/tailwind-class-sorter@npm:0.10.3"
  dependencies:
    clear-module: "npm:^4.1.3"
    escalade: "npm:^3.2.0"
    jiti: "npm:^2.7.0"
    postcss: "npm:^8.5.18"
    postcss-import: "npm:^16.1.1"
  peerDependencies:
    tailwindcss: ^3.0 || ^4.0
  checksum: 10c0/ae51614a0020eddb7443b2e564bda90580d225f5c8fa2cefc43326436b877d18e967c3a95a97fa085b2a3a667bccf3a15dd641e8009518e28c8eb3057794dfa6
  languageName: node
  linkType: hard

"@hotwired/stimulus@npm:^3.2.2":
  version: 3.2.2
  resolution: "@hotwired/stimulus@npm:3.2.2"
  checksum: 10c0/3793919e353d28424f57d07e6b634bf6e8821c227acfa2a608aaa8bdfe7e80479acef12705168ca866f3c231399f4a939fb0cd089aaae04c406b3d885a3b35ea
  languageName: node
  linkType: hard

"@hotwired/turbo-rails@npm:^8.0.23":
  version: 8.0.23
  resolution: "@hotwired/turbo-rails@npm:8.0.23"
  dependencies:
    "@hotwired/turbo": "npm:^8.0.23"
    "@rails/actioncable": "npm:>=7.0"
  checksum: 10c0/58f46b787674029bc70e7a8efd734036214258805686384c8969d360320c33886c90c4da3c08abee3dc9c3ec2672e9c088d9205a2fe1f8b5fee230ce23cfb188
  languageName: node
  linkType: hard

"@hotwired/turbo@npm:^8.0.23":
  version: 8.0.23
  resolution: "@hotwired/turbo@npm:8.0.23"
  checksum: 10c0/600ba4ba7632e27c3ed9e80a2114715df94302d3d3b72b0a70efcd7c31477b377228a7fad629eeb2e4b2d778bf65571b176fc76a6bc5603dfc814810c0a815d6
  languageName: node
  linkType: hard

"@rails/actioncable@npm:>=7.0":
  version: 8.1.301
  resolution: "@rails/actioncable@npm:8.1.301"
  checksum: 10c0/50d395e012f23b7cbdd18ad42077baaf8f15fd2b3e55cdc93e0ae771c7d24ec0deeea97062e7e9549f0ebeae3f90d6a32ef7de909389d957f87e3384fe23501e
  languageName: node
  linkType: hard

"@ruby/prism@npm:^1.9.0":
  version: 1.9.0
  resolution: "@ruby/prism@npm:1.9.0"
  checksum: 10c0/c4c83ffff68bf5350a5ae221523a6995ded0ac8bfd46eab4437d0e0e1e9a2cfcb8f760cecb5019cdba9e95f6f9f3c0575c27f108cb9c86e2fa9efbcd8aa84a94
  languageName: node
  linkType: hard

"app@workspace:.":
  version: 0.0.0-use.local
  resolution: "app@workspace:."
  dependencies:
    "@herb-tools/formatter": "npm:^0.10.3"
    "@herb-tools/linter": "npm:^0.10.2"
    "@hotwired/stimulus": "npm:^3.2.2"
    "@hotwired/turbo-rails": "npm:^8.0.23"
    basecoat-css: "npm:^1.0.1"
    esbuild: "npm:^0.28.1"
    gesso: "link:../../gems/gesso/app/javascript"
  languageName: unknown
  linkType: soft

"basecoat-css@npm:^1.0.1":
  version: 1.0.2
  resolution: "basecoat-css@npm:1.0.2"
  checksum: 10c0/4f3b59829f0a0f2ca2db25c228ab702f316f52900f7a17b1aa559a40a053de8c48af72a0c631a4b573b304629e7a82c88c5b68f1b42d90eabf1df44279b2b391
  languageName: node
  linkType: hard

"callsites@npm:^3.1.0":
  version: 3.1.0
  resolution: "callsites@npm:3.1.0"
  checksum: 10c0/fff92277400eb06c3079f9e74f3af120db9f8ea03bad0e84d9aede54bbe2d44a56cccb5f6cf12211f93f52306df87077ecec5b712794c5a9b5dac6d615a3f301
  languageName: node
  linkType: hard

"clear-module@npm:^4.1.3":
  version: 4.1.3
  resolution: "clear-module@npm:4.1.3"
  dependencies:
    parent-module: "npm:^2.0.0"
    resolve-from: "npm:^5.0.0"
  checksum: 10c0/781213d730707fb5f7cbfd7a79142686ad18fb25a4308c671d9fe5cdf5020b5a9c3f979bf92f222d91594bc8e5d88bb4d1c1dbc2ffa413e32487b30ecb2b3bbf
  languageName: node
  linkType: hard

"es-errors@npm:^1.3.0":
  version: 1.3.0
  resolution: "es-errors@npm:1.3.0"
  checksum: 10c0/0a61325670072f98d8ae3b914edab3559b6caa980f08054a3b872052640d91da01d38df55df797fcc916389d77fc92b8d5906cf028f4db46d7e3003abecbca85
  languageName: node
  linkType: hard

"esbuild@npm:^0.28.1":
  version: 0.28.1
  resolution: "esbuild@npm:0.28.1"
  dependencies:
    "@esbuild/aix-ppc64": "npm:0.28.1"
    "@esbuild/android-arm": "npm:0.28.1"
    "@esbuild/android-arm64": "npm:0.28.1"
    "@esbuild/android-x64": "npm:0.28.1"
    "@esbuild/darwin-arm64": "npm:0.28.1"
    "@esbuild/darwin-x64": "npm:0.28.1"
    "@esbuild/freebsd-arm64": "npm:0.28.1"
    "@esbuild/freebsd-x64": "npm:0.28.1"
    "@esbuild/linux-arm": "npm:0.28.1"
    "@esbuild/linux-arm64": "npm:0.28.1"
    "@esbuild/linux-ia32": "npm:0.28.1"
    "@esbuild/linux-loong64": "npm:0.28.1"
    "@esbuild/linux-mips64el": "npm:0.28.1"
    "@esbuild/linux-ppc64": "npm:0.28.1"
    "@esbuild/linux-riscv64": "npm:0.28.1"
    "@esbuild/linux-s390x": "npm:0.28.1"
    "@esbuild/linux-x64": "npm:0.28.1"
    "@esbuild/netbsd-arm64": "npm:0.28.1"
    "@esbuild/netbsd-x64": "npm:0.28.1"
    "@esbuild/openbsd-arm64": "npm:0.28.1"
    "@esbuild/openbsd-x64": "npm:0.28.1"
    "@esbuild/openharmony-arm64": "npm:0.28.1"
    "@esbuild/sunos-x64": "npm:0.28.1"
    "@esbuild/win32-arm64": "npm:0.28.1"
    "@esbuild/win32-ia32": "npm:0.28.1"
    "@esbuild/win32-x64": "npm:0.28.1"
  dependenciesMeta:
    "@esbuild/aix-ppc64":
      optional: true
    "@esbuild/android-arm":
      optional: true
    "@esbuild/android-arm64":
      optional: true
    "@esbuild/android-x64":
      optional: true
    "@esbuild/darwin-arm64":
      optional: true
    "@esbuild/darwin-x64":
      optional: true
    "@esbuild/freebsd-arm64":
      optional: true
    "@esbuild/freebsd-x64":
      optional: true
    "@esbuild/linux-arm":
      optional: true
    "@esbuild/linux-arm64":
      optional: true
    "@esbuild/linux-ia32":
      optional: true
    "@esbuild/linux-loong64":
      optional: true
    "@esbuild/linux-mips64el":
      optional: true
    "@esbuild/linux-ppc64":
      optional: true
    "@esbuild/linux-riscv64":
      optional: true
    "@esbuild/linux-s390x":
      optional: true
    "@esbuild/linux-x64":
      optional: true
    "@esbuild/netbsd-arm64":
      optional: true
    "@esbuild/netbsd-x64":
      optional: true
    "@esbuild/openbsd-arm64":
      optional: true
    "@esbuild/openbsd-x64":
      optional: true
    "@esbuild/openharmony-arm64":
      optional: true
    "@esbuild/sunos-x64":
      optional: true
    "@esbuild/win32-arm64":
      optional: true
    "@esbuild/win32-ia32":
      optional: true
    "@esbuild/win32-x64":
      optional: true
  bin:
    esbuild: bin/esbuild
  checksum: 10c0/29cd456a79ce35ac2c7e05fe871330416b2c395c045d849653f843e51378d6e0d6e774d6dcd01b35f4e83238a29bf8decd04fcd34b3780c589a250b21e5f92bb
  languageName: node
  linkType: hard

"escalade@npm:^3.2.0":
  version: 3.2.0
  resolution: "escalade@npm:3.2.0"
  checksum: 10c0/ced4dd3a78e15897ed3be74e635110bbf3b08877b0a41be50dcb325ee0e0b5f65fc2d50e9845194d7c4633f327e2e1c6cce00a71b617c5673df0374201d67f65
  languageName: node
  linkType: hard

"fdir@npm:^6.5.0":
  version: 6.5.0
  resolution: "fdir@npm:6.5.0"
  peerDependencies:
    picomatch: ^3 || ^4
  peerDependenciesMeta:
    picomatch:
      optional: true
  checksum: 10c0/e345083c4306b3aed6cb8ec551e26c36bab5c511e99ea4576a16750ddc8d3240e63826cc624f5ae17ad4dc82e68a253213b60d556c11bfad064b7607847ed07f
  languageName: node
  linkType: hard

"function-bind@npm:^1.1.2":
  version: 1.1.2
  resolution: "function-bind@npm:1.1.2"
  checksum: 10c0/d8680ee1e5fcd4c197e4ac33b2b4dce03c71f4d91717292785703db200f5c21f977c568d28061226f9b5900cbcd2c84463646134fd5337e7925e0942bc3f46d5
  languageName: node
  linkType: hard

"gesso@link:../../gems/gesso/app/javascript::locator=app%40workspace%3A.":
  version: 0.0.0-use.local
  resolution: "gesso@link:../../gems/gesso/app/javascript::locator=app%40workspace%3A."
  languageName: node
  linkType: soft

"hasown@npm:^2.0.3":
  version: 2.0.4
  resolution: "hasown@npm:2.0.4"
  dependencies:
    function-bind: "npm:^1.1.2"
  checksum: 10c0/2d8de939e270b70618f8cebb69746620db10617dbb495bc66ddad326955ea24d3ca4af133aff3eb7c1853e0218f867bc2b050ec26fe02e3aea58f880ffc5e506
  languageName: node
  linkType: hard

"is-core-module@npm:^2.16.1":
  version: 2.16.2
  resolution: "is-core-module@npm:2.16.2"
  dependencies:
    hasown: "npm:^2.0.3"
  checksum: 10c0/14b4258390283709c15476d023ec173e27458d5d014ccdb8ed39d576e551c3fa45498b7c9fe178f1529c4cb2648ddd58852a6a62107a019f6e349529f277518a
  languageName: node
  linkType: hard

"jiti@npm:^2.7.0":
  version: 2.7.0
  resolution: "jiti@npm:2.7.0"
  bin:
    jiti: lib/jiti-cli.mjs
  checksum: 10c0/1b1e2310a490dce1aeea3da5f5dfe18273516c20ce48be2e98eb8ea452d5f3dcc8fd0cfd6d28b4052a24c5dbab6e3089b2d7e79f0bce7915b10d750929563c42
  languageName: node
  linkType: hard

"nanoid@npm:^3.3.16":
  version: 3.3.16
  resolution: "nanoid@npm:3.3.16"
  bin:
    nanoid: bin/nanoid.cjs
  checksum: 10c0/bbf2dcffe22d2b62d16de2711752070b539c0f644c7916f823ad6521986b2078cbe524f2d6240f58c46e9141ea0c7b87a029e100c0f7f175228cacaf30e41bba
  languageName: node
  linkType: hard

"nanoid@npm:^3.3.17":
  version: 3.3.17
  resolution: "nanoid@npm:3.3.17"
  bin:
    nanoid: bin/nanoid.cjs
  checksum: 10c0/06f7949c7cce5c92c6aea66022f29a1eae7f56e05acbfddf1e049e819b4bf234c44a765cc44da7163482b111677948514012e27acdfa56f95309295768bdae32
  languageName: node
  linkType: hard

"parent-module@npm:^2.0.0":
  version: 2.0.0
  resolution: "parent-module@npm:2.0.0"
  dependencies:
    callsites: "npm:^3.1.0"
  checksum: 10c0/e4c5e34102c709df1932e1065dee53764fbd869f5a673beb8c3b4bcbbd4a7be16e3595f8846b24f52a77b9e96d8d499e68736ec690b108e55d95a5315f41e073
  languageName: node
  linkType: hard

"path-parse@npm:^1.0.7":
  version: 1.0.7
  resolution: "path-parse@npm:1.0.7"
  checksum: 10c0/11ce261f9d294cc7a58d6a574b7f1b935842355ec66fba3c3fd79e0f036462eaf07d0aa95bb74ff432f9afef97ce1926c720988c6a7451d8a584930ae7de86e1
  languageName: node
  linkType: hard

"picocolors@npm:^1.1.1":
  version: 1.1.1
  resolution: "picocolors@npm:1.1.1"
  checksum: 10c0/e2e3e8170ab9d7c7421969adaa7e1b31434f789afb9b3f115f6b96d91945041ac3ceb02e9ec6fe6510ff036bcc0bf91e69a1772edc0b707e12b19c0f2d6bcf58
  languageName: node
  linkType: hard

"picomatch@npm:^4.0.4, picomatch@npm:^4.0.5":
  version: 4.0.5
  resolution: "picomatch@npm:4.0.5"
  checksum: 10c0/947bc6b6e1ff1e6c5aaf95b107a0839d12802f4f7b867663f67d47accba939ca1cb582cf99dfc30438efa1c4648ac5990967e783e8929c36b03e8440704ef1bd
  languageName: node
  linkType: hard

"pify@npm:^2.3.0":
  version: 2.3.0
  resolution: "pify@npm:2.3.0"
  checksum: 10c0/551ff8ab830b1052633f59cb8adc9ae8407a436e06b4a9718bcb27dc5844b83d535c3a8512b388b6062af65a98c49bdc0dd523d8b2617b188f7c8fee457158dc
  languageName: node
  linkType: hard

"postcss-import@npm:^16.1.1":
  version: 16.1.1
  resolution: "postcss-import@npm:16.1.1"
  dependencies:
    postcss-value-parser: "npm:^4.0.0"
    read-cache: "npm:^1.0.0"
    resolve: "npm:^1.1.7"
  peerDependencies:
    postcss: ^8.0.0
  checksum: 10c0/b91245971564891110cb407c7459bd470893ccbdd3328fdd384ef2be4d0e5f304e5834acbb8b537ad562c001db34bee1c29b55994bead5ab5a53b1edc2a687b9
  languageName: node
  linkType: hard

"postcss-value-parser@npm:^4.0.0":
  version: 4.2.0
  resolution: "postcss-value-parser@npm:4.2.0"
  checksum: 10c0/f4142a4f56565f77c1831168e04e3effd9ffcc5aebaf0f538eee4b2d465adfd4b85a44257bb48418202a63806a7da7fe9f56c330aebb3cac898e46b4cbf49161
  languageName: node
  linkType: hard

"postcss@npm:^8.5.10":
  version: 8.5.25
  resolution: "postcss@npm:8.5.25"
  dependencies:
    nanoid: "npm:^3.3.16"
    picocolors: "npm:^1.1.1"
    source-map-js: "npm:^1.2.1"
  checksum: 10c0/0a12c1e74b456c57122e81f684e02fd98ff4d57526f794d10c996df1147158808f5ae373ac82b988c8de6cbbaa82dbd7b13803b14f5dd3cf7cc6a42ccad5c9f2
  languageName: node
  linkType: hard

"postcss@npm:^8.5.18":
  version: 8.5.26
  resolution: "postcss@npm:8.5.26"
  dependencies:
    nanoid: "npm:^3.3.17"
    picocolors: "npm:^1.1.1"
    source-map-js: "npm:^1.2.1"
  checksum: 10c0/2bdafc00d96bd57b6649a52e458864a4bf58ee56cfdbe4aea1472b5cccc127e6c1ad653bd0bec50d211e650eb0b9270c80e1e72aff2e2fa40d9e7363234d6e43
  languageName: node
  linkType: hard

"read-cache@npm:^1.0.0":
  version: 1.0.0
  resolution: "read-cache@npm:1.0.0"
  dependencies:
    pify: "npm:^2.3.0"
  checksum: 10c0/90cb2750213c7dd7c80cb420654344a311fdec12944e81eb912cd82f1bc92aea21885fa6ce442e3336d9fccd663b8a7a19c46d9698e6ca55620848ab932da814
  languageName: node
  linkType: hard

"resolve-from@npm:^5.0.0":
  version: 5.0.0
  resolution: "resolve-from@npm:5.0.0"
  checksum: 10c0/b21cb7f1fb746de8107b9febab60095187781137fd803e6a59a76d421444b1531b641bba5857f5dc011974d8a5c635d61cec49e6bd3b7fc20e01f0fafc4efbf2
  languageName: node
  linkType: hard

"resolve@npm:^1.1.7":
  version: 1.22.12
  resolution: "resolve@npm:1.22.12"
  dependencies:
    es-errors: "npm:^1.3.0"
    is-core-module: "npm:^2.16.1"
    path-parse: "npm:^1.0.7"
    supports-preserve-symlinks-flag: "npm:^1.0.0"
  bin:
    resolve: bin/resolve
  checksum: 10c0/b16dc9b537c02e8c3388f7d3dcff9741d3071625f9a97ac1c885f2b0ca51e78df22328fb6d6ef214dd9101fb7cfc19aa2836fe3410402a94f3f7b8639c7149bf
  languageName: node
  linkType: hard

"resolve@patch:resolve@npm%3A^1.1.7#optional!builtin<compat/resolve>":
  version: 1.22.12
  resolution: "resolve@patch:resolve@npm%3A1.22.12#optional!builtin<compat/resolve>::version=1.22.12&hash=9bd1a5"
  dependencies:
    es-errors: "npm:^1.3.0"
    is-core-module: "npm:^2.16.1"
    path-parse: "npm:^1.0.7"
    supports-preserve-symlinks-flag: "npm:^1.0.0"
  bin:
    resolve: bin/resolve
  checksum: 10c0/e12af106e16e652bd83060e8afacece4ee3dcbd0f4cf028e3d9ad178e6ced9ecb1c87ee60158b239582313902a717f8adc57a9b76ea54b1994141ba15f420c65
  languageName: node
  linkType: hard

"source-map-js@npm:^1.2.1":
  version: 1.2.1
  resolution: "source-map-js@npm:1.2.1"
  checksum: 10c0/7bda1fc4c197e3c6ff17de1b8b2c20e60af81b63a52cb32ec5a5d67a20a7d42651e2cb34ebe93833c5a2a084377e17455854fee3e21e7925c64a51b6a52b0faf
  languageName: node
  linkType: hard

"supports-preserve-symlinks-flag@npm:^1.0.0":
  version: 1.0.0
  resolution: "supports-preserve-symlinks-flag@npm:1.0.0"
  checksum: 10c0/6c4032340701a9950865f7ae8ef38578d8d7053f5e10518076e6554a9381fa91bd9c6850193695c141f32b21f979c985db07265a758867bac95de05f7d8aeb39
  languageName: node
  linkType: hard

"tinyglobby@npm:^0.2.15, tinyglobby@npm:^0.2.16":
  version: 0.2.17
  resolution: "tinyglobby@npm:0.2.17"
  dependencies:
    fdir: "npm:^6.5.0"
    picomatch: "npm:^4.0.4"
  checksum: 10c0/7f7bb0f197c88bc4b20c231e0deca4240ca3bf313a88f5a7fee93a872b84966a4d50220947c0455ad07a60b3b360961c5b7fd979222aeb716a9f99b412002e4c
  languageName: node
  linkType: hard

"yaml@npm:^2.9.0":
  version: 2.9.0
  resolution: "yaml@npm:2.9.0"
  bin:
    yaml: bin.mjs
  checksum: 10c0/f340718df45e97a9551b9bf9dac61c80050bc464513b710debfb5067c380c8472e3b67809cffacb4ab5ffb5e66ef9310816c88b05f371cec60abfedd8c88e0a2
  languageName: node
  linkType: hard
